// !$*UTF8*$!
{
	archiveVersion = 1;
	classes = {
	};
	objectVersion = 46;
	objects = {

/* Begin PBXBuildFile section */
		18407D9219C5F75C00E9978F /* buttonBack_h.png in Resources */ = {isa = PBXBuildFile; fileRef = 18407D7E19C5F75C00E9978F /* buttonBack_h.png */; };
		18407D9319C5F75C00E9978F /* buttonBack.png in Resources */ = {isa = PBXBuildFile; fileRef = 18407D7F19C5F75C00E9978F /* buttonBack.png */; };
		18407D9519C5F75C00E9978F /* desk.atlas in Resources */ = {isa = PBXBuildFile; fileRef = 18407D8119C5F75C00E9978F /* desk.atlas */; };
		18407D9619C5F75C00E9978F /* rate.atlas in Resources */ = {isa = PBXBuildFile; fileRef = 18407D8219C5F75C00E9978F /* rate.atlas */; };
		18407D9719C5F75C00E9978F /* zh-Hans.lproj in Resources */ = {isa = PBXBuildFile; fileRef = 18407D8319C5F75C00E9978F /* zh-Hans.lproj */; };
		18407D9819C5F75C00E9978F /* apple.png in Resources */ = {isa = PBXBuildFile; fileRef = 18407D8419C5F75C00E9978F /* apple.png */; };
		18407D9919C5F75C00E9978F /* arrow.png in Resources */ = {isa = PBXBuildFile; fileRef = 18407D8519C5F75C00E9978F /* arrow.png */; };
		18407D9A19C5F75C00E9978F /* bomb.png in Resources */ = {isa = PBXBuildFile; fileRef = 18407D8619C5F75C00E9978F /* bomb.png */; };
		18407D9B19C5F75C00E9978F /* button_h.png in Resources */ = {isa = PBXBuildFile; fileRef = 18407D8719C5F75C00E9978F /* button_h.png */; };
		18407D9C19C5F75C00E9978F /* button.png in Resources */ = {isa = PBXBuildFile; fileRef = 18407D8819C5F75C00E9978F /* button.png */; };
		18407D9D19C5F75C00E9978F /* gameover.png in Resources */ = {isa = PBXBuildFile; fileRef = 18407D8919C5F75C00E9978F /* gameover.png */; };
		18407D9F19C5F75C00E9978F /* mid.png in Resources */ = {isa = PBXBuildFile; fileRef = 18407D8B19C5F75C00E9978F /* mid.png */; };
		18407DA019C5F75C00E9978F /* mm_d.atlas in Resources */ = {isa = PBXBuildFile; fileRef = 18407D8C19C5F75C00E9978F /* mm_d.atlas */; };
		18407DA119C5F75C00E9978F /* mm_happy.atlas in Resources */ = {isa = PBXBuildFile; fileRef = 18407D8D19C5F75C00E9978F /* mm_happy.atlas */; };
		18407DA219C5F75C00E9978F /* mm_left.atlas in Resources */ = {isa = PBXBuildFile; fileRef = 18407D8E19C5F75C00E9978F /* mm_left.atlas */; };
		18407DA319C5F75C00E9978F /* mm_right.atlas in Resources */ = {isa = PBXBuildFile; fileRef = 18407D8F19C5F75C00E9978F /* mm_right.atlas */; };
		18407DA419C5F75C00E9978F /* mm.atlas in Resources */ = {isa = PBXBuildFile; fileRef = 18407D9019C5F75C00E9978F /* mm.atlas */; };
		18407DA519C5F75C00E9978F /* 华康少女字体.ttf in Resources */ = {isa = PBXBuildFile; fileRef = 18407D9119C5F75C00E9978F /* 华康少女字体.ttf */; };
		184D5A6E19C170EC005840CB /* Foundation.framework in Frameworks */ = {isa = PBXBuildFile; fileRef = 184D5A6D19C170EC005840CB /* Foundation.framework */; };
		184D5A7019C170EC005840CB /* CoreGraphics.framework in Frameworks */ = {isa = PBXBuildFile; fileRef = 184D5A6F19C170EC005840CB /* CoreGraphics.framework */; };
		184D5A7219C170EC005840CB /* UIKit.framework in Frameworks */ = {isa = PBXBuildFile; fileRef = 184D5A7119C170EC005840CB /* UIKit.framework */; };
		184D5A7419C170EC005840CB /* SpriteKit.framework in Frameworks */ = {isa = PBXBuildFile; fileRef = 184D5A7319C170EC005840CB /* SpriteKit.framework */; };
		184D5A7A19C170EC005840CB /* InfoPlist.strings in Resources */ = {isa = PBXBuildFile; fileRef = 184D5A7819C170EC005840CB /* InfoPlist.strings */; };
		184D5A7C19C170EC005840CB /* main.m in Sources */ = {isa = PBXBuildFile; fileRef = 184D5A7B19C170EC005840CB /* main.m */; };
		184D5A8019C170EC005840CB /* AppDelegate.m in Sources */ = {isa = PBXBuildFile; fileRef = 184D5A7F19C170EC005840CB /* AppDelegate.m */; };
		184D5A8319C170EC005840CB /* Main.storyboard in Resources */ = {isa = PBXBuildFile; fileRef = 184D5A8119C170EC005840CB /* Main.storyboard */; };
		184D5A8619C170EC005840CB /* ViewController.m in Sources */ = {isa = PBXBuildFile; fileRef = 184D5A8519C170EC005840CB /* ViewController.m */; };
		184D5A8919C170EC005840CB /* MyScene.m in Sources */ = {isa = PBXBuildFile; fileRef = 184D5A8819C170EC005840CB /* MyScene.m */; };
		184D5A8B19C170EC005840CB /* Spaceship.png in Resources */ = {isa = PBXBuildFile; fileRef = 184D5A8A19C170EC005840CB /* Spaceship.png */; };
		184D5A8C19C6A092000A19E6 /* libGoogleAdMobAds.a in Frameworks */ = {isa = PBXBuildFile; fileRef = 184D5A8A19C6A092000A19E6 /* libGoogleAdMobAds.a */; };
		184D5A8D19C170EC005840CB /* Images.xcassets in Resources */ = {isa = PBXBuildFile; fileRef = 184D5A8C19C170EC005840CB /* Images.xcassets */; };
		184D5A8D19C6A092000A19E6 /* README.txt in Resources */ = {isa = PBXBuildFile; fileRef = 184D5A8B19C6A092000A19E6 /* README.txt */; };
		184D5A9019C6A1FF000A19E6 /* Localizable.strings in Resources */ = {isa = PBXBuildFile; fileRef = 184D5A8E19C6A1FF000A19E6 /* Localizable.strings */; };
		184D5A9319C6A222000A19E6 /* hero.atlas in Resources */ = {isa = PBXBuildFile; fileRef = 184D5A9219C6A222000A19E6 /* hero.atlas */; };
		184D5A9419C170EC005840CB /* XCTest.framework in Frameworks */ = {isa = PBXBuildFile; fileRef = 184D5A9319C170EC005840CB /* XCTest.framework */; };
		184D5A9519C170EC005840CB /* Foundation.framework in Frameworks */ = {isa = PBXBuildFile; fileRef = 184D5A6D19C170EC005840CB /* Foundation.framework */; };
		184D5A9519C6A2B2000A19E6 /* MessageUI.framework in Frameworks */ = {isa = PBXBuildFile; fileRef = 184D5A9419C6A2B2000A19E6 /* MessageUI.framework */; };
		184D5A9619C170EC005840CB /* UIKit.framework in Frameworks */ = {isa = PBXBuildFile; fileRef = 184D5A7119C170EC005840CB /* UIKit.framework */; };
		184D5A9719C6A2BD000A19E6 /* StoreKit.framework in Frameworks */ = {isa = PBXBuildFile; fileRef = 184D5A9619C6A2BD000A19E6 /* StoreKit.framework */; };
		184D5A9919C6A2C9000A19E6 /* SystemConfiguration.framework in Frameworks */ = {isa = PBXBuildFile; fileRef = 184D5A9819C6A2C9000A19E6 /* SystemConfiguration.framework */; };
		184D5A9B19C6A2D4000A19E6 /* AudioToolbox.framework in Frameworks */ = {isa = PBXBuildFile; fileRef = 184D5A9A19C6A2D4000A19E6 /* AudioToolbox.framework */; };
		184D5A9E19C170EC005840CB /* InfoPlist.strings in Resources */ = {isa = PBXBuildFile; fileRef = 184D5A9C19C170EC005840CB /* InfoPlist.strings */; };
		184D5A9F19C6A41E000A19E6 /* AdSupport.framework in Frameworks */ = {isa = PBXBuildFile; fileRef = 184D5A9C19C6A2DB000A19E6 /* AdSupport.framework */; };
		184D5AA019C170EC005840CB /* SkTests.m in Sources */ = {isa = PBXBuildFile; fileRef = 184D5A9F19C170EC005840CB /* SkTests.m */; };
		184D5AAA19C6C1A4000A19E6 /* 1024.png in Resources */ = {isa = PBXBuildFile; fileRef = 184D5AA319C6C1A4000A19E6 /* 1024.png */; };
		184D5AAB19C171D3005840CB /* SpaceshipScene.m in Sources */ = {isa = PBXBuildFile; fileRef = 184D5AAA19C171D3005840CB /* SpaceshipScene.m */; };
		184D5AAB19C6C1A4000A19E6 /* 114.png in Resources */ = {isa = PBXBuildFile; fileRef = 184D5AA419C6C1A4000A19E6 /* 114.png */; };
		184D5AAC19C6C1A4000A19E6 /* 120.png in Resources */ = {isa = PBXBuildFile; fileRef = 184D5AA519C6C1A4000A19E6 /* 120.png */; };
		184D5AAD19C6C1A4000A19E6 /* 29.png in Resources */ = {isa = PBXBuildFile; fileRef = 184D5AA619C6C1A4000A19E6 /* 29.png */; };
		184D5AAE19C6C1A4000A19E6 /* 57.png in Resources */ = {isa = PBXBuildFile; fileRef = 184D5AA719C6C1A4000A19E6 /* 57.png */; };
		184D5AAF19C6C1A4000A19E6 /* 58.png in Resources */ = {isa = PBXBuildFile; fileRef = 184D5AA819C6C1A4000A19E6 /* 58.png */; };
		184D5AB019C6C1A4000A19E6 /* 80.png in Resources */ = {isa = PBXBuildFile; fileRef = 184D5AA919C6C1A4000A19E6 /* 80.png */; };
		184D5AB519C6C2F2000A19E6 /* Default-568h@2x.png in Resources */ = {isa = PBXBuildFile; fileRef = 184D5AB219C6C2F2000A19E6 /* Default-568h@2x.png */; };
		184D5AB619C6C2F2000A19E6 /* Default.png in Resources */ = {isa = PBXBuildFile; fileRef = 184D5AB319C6C2F2000A19E6 /* Default.png */; };
		184D5AB719C6C2F2000A19E6 /* Default~iphone.png in Resources */ = {isa = PBXBuildFile; fileRef = 184D5AB419C6C2F2000A19E6 /* Default~iphone.png */; };
		184D5ABD19C6C808000A19E6 /* death.atlas in Resources */ = {isa = PBXBuildFile; fileRef = 184D5ABC19C6C808000A19E6 /* death.atlas */; };
		1878C35B19C2D864000E2036 /* GameOverScene.m in Sources */ = {isa = PBXBuildFile; fileRef = 1878C35A19C2D864000E2036 /* GameOverScene.m */; };
/* End PBXBuildFile section */

/* Begin PBXContainerItemProxy section */
		184D5A9719C170EC005840CB /* PBXContainerItemProxy */ = {
			isa = PBXContainerItemProxy;
			containerPortal = 184D5A6219C170EC005840CB /* Project object */;
			proxyType = 1;
			remoteGlobalIDString = 184D5A6919C170EC005840CB;
			remoteInfo = Sk;
		};
/* End PBXContainerItemProxy section */

/* Begin PBXFileReference section */
		18407D7E19C5F75C00E9978F /* buttonBack_h.png */ = {isa = PBXFileReference; lastKnownFileType = image.png; path = buttonBack_h.png; sourceTree = "<group>"; };
		18407D7F19C5F75C00E9978F /* buttonBack.png */ = {isa = PBXFileReference; lastKnownFileType = image.png; path = buttonBack.png; sourceTree = "<group>"; };
		18407D8119C5F75C00E9978F /* desk.atlas */ = {isa = PBXFileReference; lastKnownFileType = folder.skatlas; path = desk.atlas; sourceTree = "<group>"; };
		18407D8219C5F75C00E9978F /* rate.atlas */ = {isa = PBXFileReference; lastKnownFileType = folder.skatlas; path = rate.atlas; sourceTree = "<group>"; };
		18407D8319C5F75C00E9978F /* zh-Hans.lproj */ = {isa = PBXFileReference; lastKnownFileType = folder; path = "zh-Hans.lproj"; sourceTree = "<group>"; };
		18407D8419C5F75C00E9978F /* apple.png */ = {isa = PBXFileReference; lastKnownFileType = image.png; path = apple.png; sourceTree = "<group>"; };
		18407D8519C5F75C00E9978F /* arrow.png */ = {isa = PBXFileReference; lastKnownFileType = image.png; path = arrow.png; sourceTree = "<group>"; };
		18407D8619C5F75C00E9978F /* bomb.png */ = {isa = PBXFileReference; lastKnownFileType = image.png; path = bomb.png; sourceTree = "<group>"; };
		18407D8719C5F75C00E9978F /* button_h.png */ = {isa = PBXFileReference; lastKnownFileType = image.png; path = button_h.png; sourceTree = "<group>"; };
		18407D8819C5F75C00E9978F /* button.png */ = {isa = PBXFileReference; lastKnownFileType = image.png; path = button.png; sourceTree = "<group>"; };
		18407D8919C5F75C00E9978F /* gameover.png */ = {isa = PBXFileReference; lastKnownFileType = image.png; path = gameover.png; sourceTree = "<group>"; };
		18407D8B19C5F75C00E9978F /* mid.png */ = {isa = PBXFileReference; lastKnownFileType = image.png; path = mid.png; sourceTree = "<group>"; };
		18407D8C19C5F75C00E9978F /* mm_d.atlas */ = {isa = PBXFileReference; lastKnownFileType = folder.skatlas; path = mm_d.atlas; sourceTree = "<group>"; };
		18407D8D19C5F75C00E9978F /* mm_happy.atlas */ = {isa = PBXFileReference; lastKnownFileType = folder.skatlas; path = mm_happy.atlas; sourceTree = "<group>"; };
		18407D8E19C5F75C00E9978F /* mm_left.atlas */ = {isa = PBXFileReference; lastKnownFileType = folder.skatlas; path = mm_left.atlas; sourceTree = "<group>"; };
		18407D8F19C5F75C00E9978F /* mm_right.atlas */ = {isa = PBXFileReference; lastKnownFileType = folder.skatlas; path = mm_right.atlas; sourceTree = "<group>"; };
		18407D9019C5F75C00E9978F /* mm.atlas */ = {isa = PBXFileReference; lastKnownFileType = folder.skatlas; path = mm.atlas; sourceTree = "<group>"; };
		18407D9119C5F75C00E9978F /* 华康少女字体.ttf */ = {isa = PBXFileReference; lastKnownFileType = file; path = "华康少女字体.ttf"; sourceTree = "<group>"; };
		18407DA619C5F77D00E9978F /* zh-Hans */ = {isa = PBXFileReference; lastKnownFileType = text.plist.strings; name = "zh-Hans"; path = "zh-Hans.lproj/Main.strings"; sourceTree = "<group>"; };
		18407DA719C5F78200E9978F /* zh-Hans */ = {isa = PBXFileReference; lastKnownFileType = text.plist.strings; name = "zh-Hans"; path = "zh-Hans.lproj/InfoPlist.strings"; sourceTree = "<group>"; };
		18407DA819C5F7C800E9978F /* zh-Hans */ = {isa = PBXFileReference; lastKnownFileType = text.plist.strings; name = "zh-Hans"; path = "zh-Hans.lproj/InfoPlist.strings"; sourceTree = "<group>"; };
		184D5A6A19C170EC005840CB /* Sk.app */ = {isa = PBXFileReference; explicitFileType = wrapper.application; includeInIndex = 0; path = Sk.app; sourceTree = BUILT_PRODUCTS_DIR; };
		184D5A6D19C170EC005840CB /* Foundation.framework */ = {isa = PBXFileReference; lastKnownFileType = wrapper.framework; name = Foundation.framework; path = System/Library/Frameworks/Foundation.framework; sourceTree = SDKROOT; };
		184D5A6D19C6A092000A19E6 /* DFPBannerView.h */ = {isa = PBXFileReference; fileEncoding = 4; lastKnownFileType = sourcecode.c.h; path = DFPBannerView.h; sourceTree = "<group>"; };
		184D5A6E19C6A092000A19E6 /* DFPExtras.h */ = {isa = PBXFileReference; fileEncoding = 4; lastKnownFileType = sourcecode.c.h; path = DFPExtras.h; sourceTree = "<group>"; };
		184D5A6F19C170EC005840CB /* CoreGraphics.framework */ = {isa = PBXFileReference; lastKnownFileType = wrapper.framework; name = CoreGraphics.framework; path = System/Library/Frameworks/CoreGraphics.framework; sourceTree = SDKROOT; };
		184D5A6F19C6A092000A19E6 /* DFPInterstitial.h */ = {isa = PBXFileReference; fileEncoding = 4; lastKnownFileType = sourcecode.c.h; path = DFPInterstitial.h; sourceTree = "<group>"; };
		184D5A7019C6A092000A19E6 /* DFPSwipeableBannerView.h */ = {isa = PBXFileReference; fileEncoding = 4; lastKnownFileType = sourcecode.c.h; path = DFPSwipeableBannerView.h; sourceTree = "<group>"; };
		184D5A7119C170EC005840CB /* UIKit.framework */ = {isa = PBXFileReference; lastKnownFileType = wrapper.framework; name = UIKit.framework; path = System/Library/Frameworks/UIKit.framework; sourceTree = SDKROOT; };
		184D5A7119C6A092000A19E6 /* GADAdSizeDelegate.h */ = {isa = PBXFileReference; fileEncoding = 4; lastKnownFileType = sourcecode.c.h; path = GADAdSizeDelegate.h; sourceTree = "<group>"; };
		184D5A7219C6A092000A19E6 /* GADAppEventDelegate.h */ = {isa = PBXFileReference; fileEncoding = 4; lastKnownFileType = sourcecode.c.h; path = GADAppEventDelegate.h; sourceTree = "<group>"; };
		184D5A7319C170EC005840CB /* SpriteKit.framework */ = {isa = PBXFileReference; lastKnownFileType = wrapper.framework; name = SpriteKit.framework; path = System/Library/Frameworks/SpriteKit.framework; sourceTree = SDKROOT; };
		184D5A7319C6A092000A19E6 /* GADSwipeableBannerViewDelegate.h */ = {isa = PBXFileReference; fileEncoding = 4; lastKnownFileType = sourcecode.c.h; path = GADSwipeableBannerViewDelegate.h; sourceTree = "<group>"; };
		184D5A7519C6A092000A19E6 /* GADCustomEventBanner.h */ = {isa = PBXFileReference; fileEncoding = 4; lastKnownFileType = sourcecode.c.h; path = GADCustomEventBanner.h; sourceTree = "<group>"; };
		184D5A7619C6A092000A19E6 /* GADCustomEventBannerDelegate.h */ = {isa = PBXFileReference; fileEncoding = 4; lastKnownFileType = sourcecode.c.h; path = GADCustomEventBannerDelegate.h; sourceTree = "<group>"; };
		184D5A7719C170EC005840CB /* Sk-Info.plist */ = {isa = PBXFileReference; lastKnownFileType = text.plist.xml; path = "Sk-Info.plist"; sourceTree = "<group>"; };
		184D5A7719C6A092000A19E6 /* GADCustomEventExtras.h */ = {isa = PBXFileReference; fileEncoding = 4; lastKnownFileType = sourcecode.c.h; path = GADCustomEventExtras.h; sourceTree = "<group>"; };
		184D5A7819C6A092000A19E6 /* GADCustomEventInterstitial.h */ = {isa = PBXFileReference; fileEncoding = 4; lastKnownFileType = sourcecode.c.h; path = GADCustomEventInterstitial.h; sourceTree = "<group>"; };
		184D5A7919C170EC005840CB /* en */ = {isa = PBXFileReference; lastKnownFileType = text.plist.strings; name = en; path = en.lproj/InfoPlist.strings; sourceTree = "<group>"; };
		184D5A7919C6A092000A19E6 /* GADCustomEventInterstitialDelegate.h */ = {isa = PBXFileReference; fileEncoding = 4; lastKnownFileType = sourcecode.c.h; path = GADCustomEventInterstitialDelegate.h; sourceTree = "<group>"; };
		184D5A7A19C6A092000A19E6 /* GADCustomEventRequest.h */ = {isa = PBXFileReference; fileEncoding = 4; lastKnownFileType = sourcecode.c.h; path = GADCustomEventRequest.h; sourceTree = "<group>"; };
		184D5A7B19C170EC005840CB /* main.m */ = {isa = PBXFileReference; lastKnownFileType = sourcecode.c.objc; path = main.m; sourceTree = "<group>"; };
		184D5A7C19C6A092000A19E6 /* GADSearchBannerView.h */ = {isa = PBXFileReference; fileEncoding = 4; lastKnownFileType = sourcecode.c.h; path = GADSearchBannerView.h; sourceTree = "<group>"; };
		184D5A7D19C170EC005840CB /* Sk-Prefix.pch */ = {isa = PBXFileReference; lastKnownFileType = sourcecode.c.h; path = "Sk-Prefix.pch"; sourceTree = "<group>"; };
		184D5A7D19C6A092000A19E6 /* GADSearchRequest.h */ = {isa = PBXFileReference; fileEncoding = 4; lastKnownFileType = sourcecode.c.h; path = GADSearchRequest.h; sourceTree = "<group>"; };
		184D5A7E19C170EC005840CB /* AppDelegate.h */ = {isa = PBXFileReference; lastKnownFileType = sourcecode.c.h; path = AppDelegate.h; sourceTree = "<group>"; };
		184D5A7E19C6A092000A19E6 /* GADAdMobExtras.h */ = {isa = PBXFileReference; fileEncoding = 4; lastKnownFileType = sourcecode.c.h; path = GADAdMobExtras.h; sourceTree = "<group>"; };
		184D5A7F19C170EC005840CB /* AppDelegate.m */ = {isa = PBXFileReference; lastKnownFileType = sourcecode.c.objc; path = AppDelegate.m; sourceTree = "<group>"; };
		184D5A7F19C6A092000A19E6 /* GADAdNetworkExtras.h */ = {isa = PBXFileReference; fileEncoding = 4; lastKnownFileType = sourcecode.c.h; path = GADAdNetworkExtras.h; sourceTree = "<group>"; };
		184D5A8019C6A092000A19E6 /* GADAdSize.h */ = {isa = PBXFileReference; fileEncoding = 4; lastKnownFileType = sourcecode.c.h; path = GADAdSize.h; sourceTree = "<group>"; };
		184D5A8119C6A092000A19E6 /* GADBannerView.h */ = {isa = PBXFileReference; fileEncoding = 4; lastKnownFileType = sourcecode.c.h; path = GADBannerView.h; sourceTree = "<group>"; };
		184D5A8219C170EC005840CB /* Base */ = {isa = PBXFileReference; lastKnownFileType = file.storyboard; name = Base; path = Base.lproj/Main.storyboard; sourceTree = "<group>"; };
		184D5A8219C6A092000A19E6 /* GADBannerViewDelegate.h */ = {isa = PBXFileReference; fileEncoding = 4; lastKnownFileType = sourcecode.c.h; path = GADBannerViewDelegate.h; sourceTree = "<group>"; };
		184D5A8319C6A092000A19E6 /* GADInAppPurchase.h */ = {isa = PBXFileReference; fileEncoding = 4; lastKnownFileType = sourcecode.c.h; path = GADInAppPurchase.h; sourceTree = "<group>"; };
		184D5A8419C170EC005840CB /* ViewController.h */ = {isa = PBXFileReference; lastKnownFileType = sourcecode.c.h; path = ViewController.h; sourceTree = "<group>"; };
		184D5A8419C6A092000A19E6 /* GADInAppPurchaseDelegate.h */ = {isa = PBXFileReference; fileEncoding = 4; lastKnownFileType = sourcecode.c.h; path = GADInAppPurchaseDelegate.h; sourceTree = "<group>"; };
		184D5A8519C170EC005840CB /* ViewController.m */ = {isa = PBXFileReference; lastKnownFileType = sourcecode.c.objc; path = ViewController.m; sourceTree = "<group>"; };
		184D5A8519C6A092000A19E6 /* GADInterstitial.h */ = {isa = PBXFileReference; fileEncoding = 4; lastKnownFileType = sourcecode.c.h; path = GADInterstitial.h; sourceTree = "<group>"; };
		184D5A8619C6A092000A19E6 /* GADInterstitialDelegate.h */ = {isa = PBXFileReference; fileEncoding = 4; lastKnownFileType = sourcecode.c.h; path = GADInterstitialDelegate.h; sourceTree = "<group>"; };
		184D5A8719C170EC005840CB /* MyScene.h */ = {isa = PBXFileReference; lastKnownFileType = sourcecode.c.h; path = MyScene.h; sourceTree = "<group>"; };
		184D5A8719C6A092000A19E6 /* GADModules.h */ = {isa = PBXFileReference; fileEncoding = 4; lastKnownFileType = sourcecode.c.h; path = GADModules.h; sourceTree = "<group>"; };
		184D5A8819C170EC005840CB /* MyScene.m */ = {isa = PBXFileReference; lastKnownFileType = sourcecode.c.objc; path = MyScene.m; sourceTree = "<group>"; };
		184D5A8819C6A092000A19E6 /* GADRequest.h */ = {isa = PBXFileReference; fileEncoding = 4; lastKnownFileType = sourcecode.c.h; path = GADRequest.h; sourceTree = "<group>"; };
		184D5A8919C6A092000A19E6 /* GADRequestError.h */ = {isa = PBXFileReference; fileEncoding = 4; lastKnownFileType = sourcecode.c.h; path = GADRequestError.h; sourceTree = "<group>"; };
		184D5A8A19C170EC005840CB /* Spaceship.png */ = {isa = PBXFileReference; lastKnownFileType = image.png; path = Spaceship.png; sourceTree = "<group>"; };
		184D5A8A19C6A092000A19E6 /* libGoogleAdMobAds.a */ = {isa = PBXFileReference; lastKnownFileType = archive.ar; path = libGoogleAdMobAds.a; sourceTree = "<group>"; };
		184D5A8B19C6A092000A19E6 /* README.txt */ = {isa = PBXFileReference; fileEncoding = 4; lastKnownFileType = text; path = README.txt; sourceTree = "<group>"; };
		184D5A8C19C170EC005840CB /* Images.xcassets */ = {isa = PBXFileReference; lastKnownFileType = folder.assetcatalog; path = Images.xcassets; sourceTree = "<group>"; };
		184D5A8F19C6A1FF000A19E6 /* zh-Hans */ = {isa = PBXFileReference; lastKnownFileType = text.plist.strings; name = "zh-Hans"; path = "zh-Hans.lproj/Localizable.strings"; sourceTree = "<group>"; };
		184D5A9119C6A204000A19E6 /* en */ = {isa = PBXFileReference; lastKnownFileType = text.plist.strings; name = en; path = en.lproj/Localizable.strings; sourceTree = "<group>"; };
		184D5A9219C170EC005840CB /* SkTests.xctest */ = {isa = PBXFileReference; explicitFileType = wrapper.cfbundle; includeInIndex = 0; path = SkTests.xctest; sourceTree = BUILT_PRODUCTS_DIR; };
		184D5A9219C6A222000A19E6 /* hero.atlas */ = {isa = PBXFileReference; lastKnownFileType = folder.skatlas; path = hero.atlas; sourceTree = "<group>"; };
		184D5A9319C170EC005840CB /* XCTest.framework */ = {isa = PBXFileReference; lastKnownFileType = wrapper.framework; name = XCTest.framework; path = Library/Frameworks/XCTest.framework; sourceTree = DEVELOPER_DIR; };
		184D5A9419C6A2B2000A19E6 /* MessageUI.framework */ = {isa = PBXFileReference; lastKnownFileType = wrapper.framework; name = MessageUI.framework; path = System/Library/Frameworks/MessageUI.framework; sourceTree = SDKROOT; };
		184D5A9619C6A2BD000A19E6 /* StoreKit.framework */ = {isa = PBXFileReference; lastKnownFileType = wrapper.framework; name = StoreKit.framework; path = System/Library/Frameworks/StoreKit.framework; sourceTree = SDKROOT; };
		184D5A9819C6A2C9000A19E6 /* SystemConfiguration.framework */ = {isa = PBXFileReference; lastKnownFileType = wrapper.framework; name = SystemConfiguration.framework; path = System/Library/Frameworks/SystemConfiguration.framework; sourceTree = SDKROOT; };
		184D5A9A19C6A2D4000A19E6 /* AudioToolbox.framework */ = {isa = PBXFileReference; lastKnownFileType = wrapper.framework; name = AudioToolbox.framework; path = System/Library/Frameworks/AudioToolbox.framework; sourceTree = SDKROOT; };
		184D5A9B19C170EC005840CB /* SkTests-Info.plist */ = {isa = PBXFileReference; lastKnownFileType = text.plist.xml; path = "SkTests-Info.plist"; sourceTree = "<group>"; };
		184D5A9C19C6A2DB000A19E6 /* AdSupport.framework */ = {isa = PBXFileReference; lastKnownFileType = wrapper.framework; name = AdSupport.framework; path = System/Library/Frameworks/AdSupport.framework; sourceTree = SDKROOT; };
		184D5A9D19C170EC005840CB /* en */ = {isa = PBXFileReference; lastKnownFileType = text.plist.strings; name = en; path = en.lproj/InfoPlist.strings; sourceTree = "<group>"; };
		184D5A9F19C170EC005840CB /* SkTests.m */ = {isa = PBXFileReference; lastKnownFileType = sourcecode.c.objc; path = SkTests.m; sourceTree = "<group>"; };
		184D5AA319C6C1A4000A19E6 /* 1024.png */ = {isa = PBXFileReference; lastKnownFileType = image.png; path = 1024.png; sourceTree = "<group>"; };
		184D5AA419C6C1A4000A19E6 /* 114.png */ = {isa = PBXFileReference; lastKnownFileType = image.png; path = 114.png; sourceTree = "<group>"; };
		184D5AA519C6C1A4000A19E6 /* 120.png */ = {isa = PBXFileReference; lastKnownFileType = image.png; path = 120.png; sourceTree = "<group>"; };
		184D5AA619C6C1A4000A19E6 /* 29.png */ = {isa = PBXFileReference; lastKnownFileType = image.png; path = 29.png; sourceTree = "<group>"; };
		184D5AA719C6C1A4000A19E6 /* 57.png */ = {isa = PBXFileReference; lastKnownFileType = image.png; path = 57.png; sourceTree = "<group>"; };
		184D5AA819C6C1A4000A19E6 /* 58.png */ = {isa = PBXFileReference; lastKnownFileType = image.png; path = 58.png; sourceTree = "<group>"; };
		184D5AA919C171D3005840CB /* SpaceshipScene.h */ = {isa = PBXFileReference; fileEncoding = 4; lastKnownFileType = sourcecode.c.h; path = SpaceshipScene.h; sourceTree = "<group>"; };
		184D5AA919C6C1A4000A19E6 /* 80.png */ = {isa = PBXFileReference; lastKnownFileType = image.png; path = 80.png; sourceTree = "<group>"; };
		184D5AAA19C171D3005840CB /* SpaceshipScene.m */ = {isa = PBXFileReference; fileEncoding = 4; lastKnownFileType = sourcecode.c.objc; path = SpaceshipScene.m; sourceTree = "<group>"; };
		184D5AB219C6C2F2000A19E6 /* Default-568h@2x.png */ = {isa = PBXFileReference; lastKnownFileType = image.png; path = "Default-568h@2x.png"; sourceTree = "<group>"; };
		184D5AB319C6C2F2000A19E6 /* Default.png */ = {isa = PBXFileReference; lastKnownFileType = image.png; path = Default.png; sourceTree = "<group>"; };
		184D5AB419C6C2F2000A19E6 /* Default~iphone.png */ = {isa = PBXFileReference; lastKnownFileType = image.png; path = "Default~iphone.png"; sourceTree = "<group>"; };
		184D5ABC19C6C808000A19E6 /* death.atlas */ = {isa = PBXFileReference; lastKnownFileType = folder.skatlas; path = death.atlas; sourceTree = "<group>"; };
		1878C35919C2D864000E2036 /* GameOverScene.h */ = {isa = PBXFileReference; fileEncoding = 4; lastKnownFileType = sourcecode.c.h; path = GameOverScene.h; sourceTree = "<group>"; };
		1878C35A19C2D864000E2036 /* GameOverScene.m */ = {isa = PBXFileReference; fileEncoding = 4; lastKnownFileType = sourcecode.c.objc; path = GameOverScene.m; sourceTree = "<group>"; };
/* End PBXFileReference section */

/* Begin PBXFrameworksBuildPhase section */
		184D5A6719C170EC005840CB /* Frameworks */ = {
			isa = PBXFrameworksBuildPhase;
			buildActionMask = 2147483647;
			files = (
				184D5A9F19C6A41E000A19E6 /* AdSupport.framework in Frameworks */,
				184D5A9B19C6A2D4000A19E6 /* AudioToolbox.framework in Frameworks */,
				184D5A9919C6A2C9000A19E6 /* SystemConfiguration.framework in Frameworks */,
				184D5A9719C6A2BD000A19E6 /* StoreKit.framework in Frameworks */,
				184D5A9519C6A2B2000A19E6 /* MessageUI.framework in Frameworks */,
				184D5A7019C170EC005840CB /* CoreGraphics.framework in Frameworks */,
				184D5A7219C170EC005840CB /* UIKit.framework in Frameworks */,
				184D5A7419C170EC005840CB /* SpriteKit.framework in Frameworks */,
				184D5A6E19C170EC005840CB /* Foundation.framework in Frameworks */,
				184D5A8C19C6A092000A19E6 /* libGoogleAdMobAds.a in Frameworks */,
			);
			runOnlyForDeploymentPostprocessing = 0;
		};
		184D5A8F19C170EC005840CB /* Frameworks */ = {
			isa = PBXFrameworksBuildPhase;
			buildActionMask = 2147483647;
			files = (
				184D5A9419C170EC005840CB /* XCTest.framework in Frameworks */,
				184D5A9619C170EC005840CB /* UIKit.framework in Frameworks */,
				184D5A9519C170EC005840CB /* Foundation.framework in Frameworks */,
			);
			runOnlyForDeploymentPostprocessing = 0;
		};
/* End PBXFrameworksBuildPhase section */

/* Begin PBXGroup section */
		184D5A6119C170EC005840CB = {
			isa = PBXGroup;
			children = (
				184D5A7519C170EC005840CB /* Sk */,
				184D5A9919C170EC005840CB /* SkTests */,
				184D5A6C19C170EC005840CB /* Frameworks */,
				184D5A6B19C170EC005840CB /* Products */,
			);
			sourceTree = "<group>";
		};
		184D5A6A19C6A092000A19E6 /* GoogleMobileAdsSdkiOS-6.11.1 */ = {
			isa = PBXGroup;
			children = (
				184D5A6B19C6A092000A19E6 /* Add-ons */,
				184D5A7E19C6A092000A19E6 /* GADAdMobExtras.h */,
				184D5A7F19C6A092000A19E6 /* GADAdNetworkExtras.h */,
				184D5A8019C6A092000A19E6 /* GADAdSize.h */,
				184D5A8119C6A092000A19E6 /* GADBannerView.h */,
				184D5A8219C6A092000A19E6 /* GADBannerViewDelegate.h */,
				184D5A8319C6A092000A19E6 /* GADInAppPurchase.h */,
				184D5A8419C6A092000A19E6 /* GADInAppPurchaseDelegate.h */,
				184D5A8519C6A092000A19E6 /* GADInterstitial.h */,
				184D5A8619C6A092000A19E6 /* GADInterstitialDelegate.h */,
				184D5A8719C6A092000A19E6 /* GADModules.h */,
				184D5A8819C6A092000A19E6 /* GADRequest.h */,
				184D5A8919C6A092000A19E6 /* GADRequestError.h */,
				184D5A8A19C6A092000A19E6 /* libGoogleAdMobAds.a */,
				184D5A8B19C6A092000A19E6 /* README.txt */,
			);
			path = "GoogleMobileAdsSdkiOS-6.11.1";
			sourceTree = "<group>";
		};
		184D5A6B19C170EC005840CB /* Products */ = {
			isa = PBXGroup;
			children = (
				184D5A6A19C170EC005840CB /* Sk.app */,
				184D5A9219C170EC005840CB /* SkTests.xctest */,
			);
			name = Products;
			sourceTree = "<group>";
		};
		184D5A6B19C6A092000A19E6 /* Add-ons */ = {
			isa = PBXGroup;
			children = (
				184D5A6C19C6A092000A19E6 /* DoubleClick */,
				184D5A7419C6A092000A19E6 /* Mediation */,
				184D5A7B19C6A092000A19E6 /* Search */,
			);
			path = "Add-ons";
			sourceTree = "<group>";
		};
		184D5A6C19C170EC005840CB /* Frameworks */ = {
			isa = PBXGroup;
			children = (
				184D5A9C19C6A2DB000A19E6 /* AdSupport.framework */,
				184D5A9A19C6A2D4000A19E6 /* AudioToolbox.framework */,
				184D5A9819C6A2C9000A19E6 /* SystemConfiguration.framework */,
				184D5A9619C6A2BD000A19E6 /* StoreKit.framework */,
				184D5A9419C6A2B2000A19E6 /* MessageUI.framework */,
				184D5A6D19C170EC005840CB /* Foundation.framework */,
				184D5A6F19C170EC005840CB /* CoreGraphics.framework */,
				184D5A7119C170EC005840CB /* UIKit.framework */,
				184D5A7319C170EC005840CB /* SpriteKit.framework */,
				184D5A9319C170EC005840CB /* XCTest.framework */,
			);
			name = Frameworks;
			sourceTree = "<group>";
		};
		184D5A6C19C6A092000A19E6 /* DoubleClick */ = {
			isa = PBXGroup;
			children = (
				184D5A6D19C6A092000A19E6 /* DFPBannerView.h */,
				184D5A6E19C6A092000A19E6 /* DFPExtras.h */,
				184D5A6F19C6A092000A19E6 /* DFPInterstitial.h */,
				184D5A7019C6A092000A19E6 /* DFPSwipeableBannerView.h */,
				184D5A7119C6A092000A19E6 /* GADAdSizeDelegate.h */,
				184D5A7219C6A092000A19E6 /* GADAppEventDelegate.h */,
				184D5A7319C6A092000A19E6 /* GADSwipeableBannerViewDelegate.h */,
			);
			path = DoubleClick;
			sourceTree = "<group>";
		};
		184D5A7419C6A092000A19E6 /* Mediation */ = {
			isa = PBXGroup;
			children = (
				184D5A7519C6A092000A19E6 /* GADCustomEventBanner.h */,
				184D5A7619C6A092000A19E6 /* GADCustomEventBannerDelegate.h */,
				184D5A7719C6A092000A19E6 /* GADCustomEventExtras.h */,
				184D5A7819C6A092000A19E6 /* GADCustomEventInterstitial.h */,
				184D5A7919C6A092000A19E6 /* GADCustomEventInterstitialDelegate.h */,
				184D5A7A19C6A092000A19E6 /* GADCustomEventRequest.h */,
			);
			path = Mediation;
			sourceTree = "<group>";
		};
		184D5A7519C170EC005840CB /* Sk */ = {
			isa = PBXGroup;
			children = (
				184D5A6A19C6A092000A19E6 /* GoogleMobileAdsSdkiOS-6.11.1 */,
				184D5AA219C6C1A4000A19E6 /* icon */,
				184D5AB119C6C2F2000A19E6 /* launch */,
				184D5A7E19C170EC005840CB /* AppDelegate.h */,
				184D5A7F19C170EC005840CB /* AppDelegate.m */,
				184D5A8119C170EC005840CB /* Main.storyboard */,
				184D5A8419C170EC005840CB /* ViewController.h */,
				184D5A8519C170EC005840CB /* ViewController.m */,
				184D5A8719C170EC005840CB /* MyScene.h */,
				184D5A8819C170EC005840CB /* MyScene.m */,
				184D5A8A19C170EC005840CB /* Spaceship.png */,
				184D5AA919C171D3005840CB /* SpaceshipScene.h */,
				184D5AAA19C171D3005840CB /* SpaceshipScene.m */,
				1878C35919C2D864000E2036 /* GameOverScene.h */,
				1878C35A19C2D864000E2036 /* GameOverScene.m */,
				18407D7E19C5F75C00E9978F /* buttonBack_h.png */,
				18407D7F19C5F75C00E9978F /* buttonBack.png */,
				18407D8419C5F75C00E9978F /* apple.png */,
				18407D8519C5F75C00E9978F /* arrow.png */,
				18407D8619C5F75C00E9978F /* bomb.png */,
				18407D8719C5F75C00E9978F /* button_h.png */,
				18407D8819C5F75C00E9978F /* button.png */,
				18407D8919C5F75C00E9978F /* gameover.png */,
				18407D8B19C5F75C00E9978F /* mid.png */,
				184D5ABC19C6C808000A19E6 /* death.atlas */,
				184D5A9219C6A222000A19E6 /* hero.atlas */,
				18407D8119C5F75C00E9978F /* desk.atlas */,
				18407D8219C5F75C00E9978F /* rate.atlas */,
				18407D8319C5F75C00E9978F /* zh-Hans.lproj */,
				18407D8C19C5F75C00E9978F /* mm_d.atlas */,
				18407D8D19C5F75C00E9978F /* mm_happy.atlas */,
				18407D8E19C5F75C00E9978F /* mm_left.atlas */,
				18407D8F19C5F75C00E9978F /* mm_right.atlas */,
				18407D9019C5F75C00E9978F /* mm.atlas */,
				18407D9119C5F75C00E9978F /* 华康少女字体.ttf */,
				184D5A8C19C170EC005840CB /* Images.xcassets */,
				184D5A7619C170EC005840CB /* Supporting Files */,
			);
			path = Sk;
			sourceTree = "<group>";
		};
		184D5A7619C170EC005840CB /* Supporting Files */ = {
			isa = PBXGroup;
			children = (
				184D5A7719C170EC005840CB /* Sk-Info.plist */,
				184D5A7819C170EC005840CB /* InfoPlist.strings */,
				184D5A7B19C170EC005840CB /* main.m */,
				184D5A8E19C6A1FF000A19E6 /* Localizable.strings */,
				184D5A7D19C170EC005840CB /* Sk-Prefix.pch */,
			);
			name = "Supporting Files";
			sourceTree = "<group>";
		};
		184D5A7B19C6A092000A19E6 /* Search */ = {
			isa = PBXGroup;
			children = (
				184D5A7C19C6A092000A19E6 /* GADSearchBannerView.h */,
				184D5A7D19C6A092000A19E6 /* GADSearchRequest.h */,
			);
			path = Search;
			sourceTree = "<group>";
		};
		184D5A9919C170EC005840CB /* SkTests */ = {
			isa = PBXGroup;
			children = (
				184D5A9F19C170EC005840CB /* SkTests.m */,
				184D5A9A19C170EC005840CB /* Supporting Files */,
			);
			path = SkTests;
			sourceTree = "<group>";
		};
		184D5A9A19C170EC005840CB /* Supporting Files */ = {
			isa = PBXGroup;
			children = (
				184D5A9B19C170EC005840CB /* SkTests-Info.plist */,
				184D5A9C19C170EC005840CB /* InfoPlist.strings */,
			);
			name = "Supporting Files";
			sourceTree = "<group>";
		};
		184D5AA219C6C1A4000A19E6 /* icon */ = {
			isa = PBXGroup;
			children = (
				184D5AA319C6C1A4000A19E6 /* 1024.png */,
				184D5AA419C6C1A4000A19E6 /* 114.png */,
				184D5AA519C6C1A4000A19E6 /* 120.png */,
				184D5AA619C6C1A4000A19E6 /* 29.png */,
				184D5AA719C6C1A4000A19E6 /* 57.png */,
				184D5AA819C6C1A4000A19E6 /* 58.png */,
				184D5AA919C6C1A4000A19E6 /* 80.png */,
			);
			path = icon;
			sourceTree = "<group>";
		};
		184D5AB119C6C2F2000A19E6 /* launch */ = {
			isa = PBXGroup;
			children = (
				184D5AB219C6C2F2000A19E6 /* Default-568h@2x.png */,
				184D5AB319C6C2F2000A19E6 /* Default.png */,
				184D5AB419C6C2F2000A19E6 /* Default~iphone.png */,
			);
			path = launch;
			sourceTree = "<group>";
		};
/* End PBXGroup section */

/* Begin PBXNativeTarget section */
		184D5A6919C170EC005840CB /* Sk */ = {
			isa = PBXNativeTarget;
			buildConfigurationList = 184D5AA319C170EC005840CB /* Build configuration list for PBXNativeTarget "Sk" */;
			buildPhases = (
				184D5A6619C170EC005840CB /* Sources */,
				184D5A6719C170EC005840CB /* Frameworks */,
				184D5A6819C170EC005840CB /* Resources */,
			);
			buildRules = (
			);
			dependencies = (
			);
			name = Sk;
			productName = Sk;
			productReference = 184D5A6A19C170EC005840CB /* Sk.app */;
			productType = "com.apple.product-type.application";
		};
		184D5A9119C170EC005840CB /* SkTests */ = {
			isa = PBXNativeTarget;
			buildConfigurationList = 184D5AA619C170EC005840CB /* Build configuration list for PBXNativeTarget "SkTests" */;
			buildPhases = (
				184D5A8E19C170EC005840CB /* Sources */,
				184D5A8F19C170EC005840CB /* Frameworks */,
				184D5A9019C170EC005840CB /* Resources */,
			);
			buildRules = (
			);
			dependencies = (
				184D5A9819C170EC005840CB /* PBXTargetDependency */,
			);
			name = SkTests;
			productName = SkTests;
			productReference = 184D5A9219C170EC005840CB /* SkTests.xctest */;
			productType = "com.apple.product-type.bundle.unit-test";
		};
/* End PBXNativeTarget section */

/* Begin PBXProject section */
		184D5A6219C170EC005840CB /* Project object */ = {
			isa = PBXProject;
			attributes = {
				LastUpgradeCheck = 0510;
				ORGANIZATIONNAME = "___GWH___";
				TargetAttributes = {
					184D5A9119C170EC005840CB = {
						TestTargetID = 184D5A6919C170EC005840CB;
					};
				};
			};
			buildConfigurationList = 184D5A6519C170EC005840CB /* Build configuration list for PBXProject "Sk" */;
			compatibilityVersion = "Xcode 3.2";
			developmentRegion = English;
			hasScannedForEncodings = 0;
			knownRegions = (
				en,
				Base,
				"zh-Hans",
			);
			mainGroup = 184D5A6119C170EC005840CB;
			productRefGroup = 184D5A6B19C170EC005840CB /* Products */;
			projectDirPath = "";
			projectRoot = "";
			targets = (
				184D5A6919C170EC005840CB /* Sk */,
				184D5A9119C170EC005840CB /* SkTests */,
			);
		};
/* End PBXProject section */

/* Begin PBXResourcesBuildPhase section */
		184D5A6819C170EC005840CB /* Resources */ = {
			isa = PBXResourcesBuildPhase;
			buildActionMask = 2147483647;
			files = (
				184D5AAD19C6C1A4000A19E6 /* 29.png in Resources */,
				184D5AAA19C6C1A4000A19E6 /* 1024.png in Resources */,
				18407D9B19C5F75C00E9978F /* button_h.png in Resources */,
				18407D9C19C5F75C00E9978F /* button.png in Resources */,
				184D5ABD19C6C808000A19E6 /* death.atlas in Resources */,
				184D5AAE19C6C1A4000A19E6 /* 57.png in Resources */,
				18407D9319C5F75C00E9978F /* buttonBack.png in Resources */,
				184D5AAF19C6C1A4000A19E6 /* 58.png in Resources */,
				18407D9619C5F75C00E9978F /* rate.atlas in Resources */,
				18407DA119C5F75C00E9978F /* mm_happy.atlas in Resources */,
				18407D9219C5F75C00E9978F /* buttonBack_h.png in Resources */,
				18407D9D19C5F75C00E9978F /* gameover.png in Resources */,
				18407D9819C5F75C00E9978F /* apple.png in Resources */,
				184D5A9019C6A1FF000A19E6 /* Localizable.strings in Resources */,
				184D5AAC19C6C1A4000A19E6 /* 120.png in Resources */,
				18407DA519C5F75C00E9978F /* 华康少女字体.ttf in Resources */,
				184D5AAB19C6C1A4000A19E6 /* 114.png in Resources */,
				18407D9719C5F75C00E9978F /* zh-Hans.lproj in Resources */,
				184D5AB619C6C2F2000A19E6 /* Default.png in Resources */,
				184D5AB019C6C1A4000A19E6 /* 80.png in Resources */,
				184D5A7A19C170EC005840CB /* InfoPlist.strings in Resources */,
				184D5A8D19C170EC005840CB /* Images.xcassets in Resources */,
				18407D9919C5F75C00E9978F /* arrow.png in Resources */,
				18407D9F19C5F75C00E9978F /* mid.png in Resources */,
				184D5A9319C6A222000A19E6 /* hero.atlas in Resources */,
				184D5A8D19C6A092000A19E6 /* README.txt in Resources */,
				18407D9519C5F75C00E9978F /* desk.atlas in Resources */,
				184D5A8B19C170EC005840CB /* Spaceship.png in Resources */,
				18407DA219C5F75C00E9978F /* mm_left.atlas in Resources */,
				184D5AB519C6C2F2000A19E6 /* Default-568h@2x.png in Resources */,
				18407DA419C5F75C00E9978F /* mm.atlas in Resources */,
				184D5A8319C170EC005840CB /* Main.storyboard in Resources */,
				18407DA019C5F75C00E9978F /* mm_d.atlas in Resources */,
				184D5AB719C6C2F2000A19E6 /* Default~iphone.png in Resources */,
				18407DA319C5F75C00E9978F /* mm_right.atlas in Resources */,
				18407D9A19C5F75C00E9978F /* bomb.png in Resources */,
			);
			runOnlyForDeploymentPostprocessing = 0;
		};
		184D5A9019C170EC005840CB /* Resources */ = {
			isa = PBXResourcesBuildPhase;
			buildActionMask = 2147483647;
			files = (
				184D5A9E19C170EC005840CB /* InfoPlist.strings in Resources */,
			);
			runOnlyForDeploymentPostprocessing = 0;
		};
/* End PBXResourcesBuildPhase section */

/* Begin PBXSourcesBuildPhase section */
		184D5A6619C170EC005840CB /* Sources */ = {
			isa = PBXSourcesBuildPhase;
			buildActionMask = 2147483647;
			files = (
				184D5A8919C170EC005840CB /* MyScene.m in Sources */,
				184D5A8619C170EC005840CB /* ViewController.m in Sources */,
				184D5AAB19C171D3005840CB /* SpaceshipScene.m in Sources */,
				184D5A8019C170EC005840CB /* AppDelegate.m in Sources */,
				1878C35B19C2D864000E2036 /* GameOverScene.m in Sources */,
				184D5A7C19C170EC005840CB /* main.m in Sources */,
			);
			runOnlyForDeploymentPostprocessing = 0;
		};
		184D5A8E19C170EC005840CB /* Sources */ = {
			isa = PBXSourcesBuildPhase;
			buildActionMask = 2147483647;
			files = (
				184D5AA019C170EC005840CB /* SkTests.m in Sources */,
			);
			runOnlyForDeploymentPostprocessing = 0;
		};
/* End PBXSourcesBuildPhase section */

/* Begin PBXTargetDependency section */
		184D5A9819C170EC005840CB /* PBXTargetDependency */ = {
			isa = PBXTargetDependency;
			target = 184D5A6919C170EC005840CB /* Sk */;
			targetProxy = 184D5A9719C170EC005840CB /* PBXContainerItemProxy */;
		};
/* End PBXTargetDependency section */

/* Begin PBXVariantGroup section */
		184D5A7819C170EC005840CB /* InfoPlist.strings */ = {
			isa = PBXVariantGroup;
			children = (
				184D5A7919C170EC005840CB /* en */,
				18407DA819C5F7C800E9978F /* zh-Hans */,
			);
			name = InfoPlist.strings;
			sourceTree = "<group>";
		};
		184D5A8119C170EC005840CB /* Main.storyboard */ = {
			isa = PBXVariantGroup;
			children = (
				184D5A8219C170EC005840CB /* Base */,
				18407DA619C5F77D00E9978F /* zh-Hans */,
			);
			name = Main.storyboard;
			sourceTree = "<group>";
		};
		184D5A8E19C6A1FF000A19E6 /* Localizable.strings */ = {
			isa = PBXVariantGroup;
			children = (
				184D5A8F19C6A1FF000A19E6 /* zh-Hans */,
				184D5A9119C6A204000A19E6 /* en */,
			);
			name = Localizable.strings;
			sourceTree = "<group>";
		};
		184D5A9C19C170EC005840CB /* InfoPlist.strings */ = {
			isa = PBXVariantGroup;
			children = (
				184D5A9D19C170EC005840CB /* en */,
				18407DA719C5F78200E9978F /* zh-Hans */,
			);
			name = InfoPlist.strings;
			sourceTree = "<group>";
		};
/* End PBXVariantGroup section */

/* Begin XCBuildConfiguration section */
		184D5AA119C170EC005840CB /* Debug */ = {
			isa = XCBuildConfiguration;
			buildSettings = {
				ALWAYS_SEARCH_USER_PATHS = NO;
				CLANG_CXX_LANGUAGE_STANDARD = "gnu++0x";
				CLANG_CXX_LIBRARY = "libc++";
				CLANG_ENABLE_MODULES = YES;
				CLANG_ENABLE_OBJC_ARC = YES;
				CLANG_WARN_BOOL_CONVERSION = YES;
				CLANG_WARN_CONSTANT_CONVERSION = YES;
				CLANG_WARN_DIRECT_OBJC_ISA_USAGE = YES_ERROR;
				CLANG_WARN_EMPTY_BODY = YES;
				CLANG_WARN_ENUM_CONVERSION = YES;
				CLANG_WARN_INT_CONVERSION = YES;
				CLANG_WARN_OBJC_ROOT_CLASS = YES_ERROR;
				CLANG_WARN__DUPLICATE_METHOD_MATCH = YES;
				"CODE_SIGN_IDENTITY[sdk=iphoneos*]" = "iPhone Developer";
				COPY_PHASE_STRIP = NO;
				GCC_C_LANGUAGE_STANDARD = gnu99;
				GCC_DYNAMIC_NO_PIC = NO;
				GCC_OPTIMIZATION_LEVEL = 0;
				GCC_PREPROCESSOR_DEFINITIONS = (
					"DEBUG=1",
					"$(inherited)",
				);
				GCC_SYMBOLS_PRIVATE_EXTERN = NO;
				GCC_WARN_64_TO_32_BIT_CONVERSION = YES;
				GCC_WARN_ABOUT_RETURN_TYPE = YES_ERROR;
				GCC_WARN_UNDECLARED_SELECTOR = YES;
				GCC_WARN_UNINITIALIZED_AUTOS = YES_AGGRESSIVE;
				GCC_WARN_UNUSED_FUNCTION = YES;
				GCC_WARN_UNUSED_VARIABLE = YES;
				IPHONEOS_DEPLOYMENT_TARGET = 7.1;
				ONLY_ACTIVE_ARCH = YES;
				SDKROOT = iphoneos;
			};
			name = Debug;
		};
		184D5AA219C170EC005840CB /* Release */ = {
			isa = XCBuildConfiguration;
			buildSettings = {
				ALWAYS_SEARCH_USER_PATHS = NO;
				CLANG_CXX_LANGUAGE_STANDARD = "gnu++0x";
				CLANG_CXX_LIBRARY = "libc++";
				CLANG_ENABLE_MODULES = YES;
				CLANG_ENABLE_OBJC_ARC = YES;
				CLANG_WARN_BOOL_CONVERSION = YES;
				CLANG_WARN_CONSTANT_CONVERSION = YES;
				CLANG_WARN_DIRECT_OBJC_ISA_USAGE = YES_ERROR;
				CLANG_WARN_EMPTY_BODY = YES;
				CLANG_WARN_ENUM_CONVERSION = YES;
				CLANG_WARN_INT_CONVERSION = YES;
				CLANG_WARN_OBJC_ROOT_CLASS = YES_ERROR;
				CLANG_WARN__DUPLICATE_METHOD_MATCH = YES;
				"CODE_SIGN_IDENTITY[sdk=iphoneos*]" = "iPhone Developer";
				COPY_PHASE_STRIP = YES;
				ENABLE_NS_ASSERTIONS = NO;
				GCC_C_LANGUAGE_STANDARD = gnu99;
				GCC_WARN_64_TO_32_BIT_CONVERSION = YES;
				GCC_WARN_ABOUT_RETURN_TYPE = YES_ERROR;
				GCC_WARN_UNDECLARED_SELECTOR = YES;
				GCC_WARN_UNINITIALIZED_AUTOS = YES_AGGRESSIVE;
				GCC_WARN_UNUSED_FUNCTION = YES;
				GCC_WARN_UNUSED_VARIABLE = YES;
				IPHONEOS_DEPLOYMENT_TARGET = 7.1;
				SDKROOT = iphoneos;
				VALIDATE_PRODUCT = YES;
			};
			name = Release;
		};
		184D5AA419C170EC005840CB /* Debug */ = {
			isa = XCBuildConfiguration;
			buildSettings = {
				GCC_PRECOMPILE_PREFIX_HEADER = YES;
				GCC_PREFIX_HEADER = "Sk/Sk-Prefix.pch";
				INFOPLIST_FILE = "Sk/Sk-Info.plist";
				IPHONEOS_DEPLOYMENT_TARGET = 6.0;
				LIBRARY_SEARCH_PATHS = (
					"$(inherited)",
					"$(PROJECT_DIR)/Sk/GoogleMobileAdsSdkiOS-6.11.1",
				);
				OTHER_LDFLAGS = "-ObjC";
				PRODUCT_NAME = "$(TARGET_NAME)";
				SPRITEKIT_TEXTURE_ATLAS_OUTPUT = YES;
				VALID_ARCHS = "arm64 armv7";
				WRAPPER_EXTENSION = app;
			};
			name = Debug;
		};
		184D5AA519C170EC005840CB /* Release */ = {
			isa = XCBuildConfiguration;
			buildSettings = {
				GCC_PRECOMPILE_PREFIX_HEADER = YES;
				GCC_PREFIX_HEADER = "Sk/Sk-Prefix.pch";
				INFOPLIST_FILE = "Sk/Sk-Info.plist";
				IPHONEOS_DEPLOYMENT_TARGET = 6.0;
				LIBRARY_SEARCH_PATHS = (
					"$(inherited)",
					"$(PROJECT_DIR)/Sk/GoogleMobileAdsSdkiOS-6.11.1",
				);
				OTHER_LDFLAGS = "-ObjC";
				PRODUCT_NAME = "$(TARGET_NAME)";
				SPRITEKIT_TEXTURE_ATLAS_OUTPUT = YES;
				VALID_ARCHS = "arm64 armv7";
				WRAPPER_EXTENSION = app;
			};
			name = Release;
		};
		184D5AA719C170EC005840CB /* Debug */ = {
			isa = XCBuildConfiguration;
			buildSettings = {
				BUNDLE_LOADER = "$(BUILT_PRODUCTS_DIR)/Sk.app/Sk";
				FRAMEWORK_SEARCH_PATHS = (
					"$(SDKROOT)/Developer/Library/Frameworks",
					"$(inherited)",
					"$(DEVELOPER_FRAMEWORKS_DIR)",
				);
				GCC_PRECOMPILE_PREFIX_HEADER = YES;
				GCC_PREFIX_HEADER = "Sk/Sk-Prefix.pch";
				GCC_PREPROCESSOR_DEFINITIONS = (
					"DEBUG=1",
					"$(inherited)",
				);
				INFOPLIST_FILE = "SkTests/SkTests-Info.plist";
				PRODUCT_NAME = "$(TARGET_NAME)";
				TEST_HOST = "$(BUNDLE_LOADER)";
				WRAPPER_EXTENSION = xctest;
			};
			name = Debug;
		};
		184D5AA819C170EC005840CB /* Release */ = {
			isa = XCBuildConfiguration;
			buildSettings = {
				BUNDLE_LOADER = "$(BUILT_PRODUCTS_DIR)/Sk.app/Sk";
				FRAMEWORK_SEARCH_PATHS = (
					"$(SDKROOT)/Developer/Library/Frameworks",
					"$(inherited)",
					"$(DEVELOPER_FRAMEWORKS_DIR)",
				);
				GCC_PRECOMPILE_PREFIX_HEADER = YES;
				GCC_PREFIX_HEADER = "Sk/Sk-Prefix.pch";
				INFOPLIST_FILE = "SkTests/SkTests-Info.plist";
				PRODUCT_NAME = "$(TARGET_NAME)";
				TEST_HOST = "$(BUNDLE_LOADER)";
				WRAPPER_EXTENSION = xctest;
			};
			name = Release;
		};
/* End XCBuildConfiguration section */

/* Begin XCConfigurationList section */
		184D5A6519C170EC005840CB /* Build configuration list for PBXProject "Sk" */ = {
			isa = XCConfigurationList;
			buildConfigurations = (
				184D5AA119C170EC005840CB /* Debug */,
				184D5AA219C170EC005840CB /* Release */,
			);
			defaultConfigurationIsVisible = 0;
			defaultConfigurationName = Release;
		};
		184D5AA319C170EC005840CB /* Build configuration list for PBXNativeTarget "Sk" */ = {
			isa = XCConfigurationList;
			buildConfigurations = (
				184D5AA419C170EC005840CB /* Debug */,
				184D5AA519C170EC005840CB /* Release */,
			);
			defaultConfigurationIsVisible = 0;
			defaultConfigurationName = Release;
		};
		184D5AA619C170EC005840CB /* Build configuration list for PBXNativeTarget "SkTests" */ = {
			isa = XCConfigurationList;
			buildConfigurations = (
				184D5AA719C170EC005840CB /* Debug */,
				184D5AA819C170EC005840CB /* Release */,
			);
			defaultConfigurationIsVisible = 0;
			defaultConfigurationName = Release;
		};
/* End XCConfigurationList section */
	};
	rootObject = 184D5A6219C170EC005840CB /* Project object */;
}
